schema: '2.0'
stages:
  data_ingestion:
    cmd: python src/components/data_ingestion.py
    deps:
    - path: notebooks/dataset.csv
      hash: md5
      md5: e284e15a691798aa04e9d596133ec183
      size: 5134827
    - path: params.yaml
      hash: md5
      md5: 45701013af06592c63e712f242e01671
      size: 34
    - path: src/components/data_ingestion.py
      hash: md5
      md5: a3a34e5fb7bfb812a70fac1c4cfcfcdc
      size: 4473
    - path: src/constant/training_pipeline/__init__.py
      hash: md5
      md5: 75588c2a91c791ebb82a8cea4751bfeb
      size: 595
    params:
      params.yaml:
        data_ingestion.test_size: 0.2
    outs:
    - path: artifact/
      hash: md5
      md5: 3534f4e0c3171c9a8e2a8abe0b8d2d15.dir
      size: 5134850
      nfiles: 2
